
Microsoft Visual Studio Solution File, Format Version 12.00
# Visual Studio Version 17
VisualStudioVersion = 17.13.35913.81 d17.13
MinimumVisualStudioVersion = 10.0.40219.1
Project("{FAE04EC0-301F-11D3-BF4B-00C04F79EFBC}") = "CityInfo.API", "CityInfo.API\CityInfo.API.csproj", "{A1DD1EAD-1F3E-4D68-8680-AE0A7DE6B299}"
EndProject
Global
	GlobalSection(SolutionConfigurationPlatforms) = preSolution
		Debug|Any CPU = Debug|Any CPU
		Release|Any CPU = Release|Any CPU
	EndGlobalSection
	GlobalSection(ProjectConfigurationPlatforms) = postSolution
		{A1DD1EAD-1F3E-4D68-8680-AE0A7DE6B299}.Debug|Any CPU.ActiveCfg = Debug|Any CPU
		{A1DD1EAD-1F3E-4D68-8680-AE0A7DE6B299}.Debug|Any CPU.Build.0 = Debug|Any CPU
		{A1DD1EAD-1F3E-4D68-8680-AE0A7DE6B299}.Release|Any CPU.ActiveCfg = Release|Any CPU
		{A1DD1EAD-1F3E-4D68-8680-AE0A7DE6B299}.Release|Any CPU.Build.0 = Release|Any CPU
	EndGlobalSection
	GlobalSection(SolutionProperties) = preSolution
		HideSolutionNode = FALSE
	EndGlobalSection
	GlobalSection(ExtensibilityGlobals) = postSolution
		SolutionGuid = {F2449F5B-685E-44AB-8303-A582D794FAFC}
	EndGlobalSection
EndGlobal
